
Microsoft Visual Studio Solution File, Format Version 12.00
# Visual Studio 14
VisualStudioVersion = 14.0.23107.0
MinimumVisualStudioVersion = 10.0.40219.1
Project("{FAE04EC0-301F-11D3-BF4B-00C04F79EFBC}") = "PowerPOS", "PowerPOS.csproj", "{F01A32E1-DDA4-4287-A07C-9ECDE3D151CF}"
EndProject
Global
	GlobalSection(SolutionConfigurationPlatforms) = preSolution
		Debug|Any CPU = Debug|Any CPU
		Release|Any CPU = Release|Any CPU
	EndGlobalSection
	GlobalSection(ProjectConfigurationPlatforms) = postSolution
		{F01A32E1-DDA4-4287-A07C-9ECDE3D151CF}.Debug|Any CPU.ActiveCfg = Debug|Any CPU
		{F01A32E1-DDA4-4287-A07C-9ECDE3D151CF}.Debug|Any CPU.Build.0 = Debug|Any CPU
		{F01A32E1-DDA4-4287-A07C-9ECDE3D151CF}.Release|Any CPU.ActiveCfg = Release|Any CPU
		{F01A32E1-DDA4-4287-A07C-9ECDE3D151CF}.Release|Any CPU.Build.0 = Release|Any CPU
	EndGlobalSection
	GlobalSection(SolutionProperties) = preSolution
		HideSolutionNode = FALSE
	EndGlobalSection
EndGlobal
